{
  "name": "react-router",
  "version": "1.0.0",
  "lockfileVersion": 2,
  "requires": true,
  "packages": {
    "": {
      "version": "1.0.0",
      "license": "ISC",
      "dependencies": {
        "router": "github:axtk/router"
      },
      "devDependencies": {
        "esbuild": "^0.8.42"
      },
      "peerDependencies": {
        "react": ">16.8"
      }
    },
    "node_modules/esbuild": {
      "version": "0.8.42",
      "resolved": "https://registry.npmjs.org/esbuild/-/esbuild-0.8.42.tgz",
      "integrity": "sha512-zUtj5RMqROCCCH0vV/a7cd8YQg8I0GWBhV3A3PklWRT+oM/YwVbnrtFnITzE1otGdnXplWHWdZ4OcYiV0PN+JQ==",
      "dev": true,
      "hasInstallScript": true,
      "bin": {
        "esbuild": "bin/esbuild"
      }
    },
    "node_modules/event-manager": {
      "version": "1.0.4",
      "resolved": "git+ssh://git@github.com/axtk/event-manager.git#be6ebbdc6b462d6123f81d10d7a81b82ffb08e19",
      "license": "ISC"
    },
    "node_modules/js-tokens": {
      "version": "4.0.0",
      "resolved": "https://registry.npmjs.org/js-tokens/-/js-tokens-4.0.0.tgz",
      "integrity": "sha512-RdJUflcE3cUzKiMqQgsCu06FPu9UdIJO0beYbPhHN4k6apgJtifcoCtT9bcxOpYBtpD2kCM6Sbzg4CausW/PKQ==",
      "peer": true
    },
    "node_modules/loose-envify": {
      "version": "1.4.0",
      "resolved": "https://registry.npmjs.org/loose-envify/-/loose-envify-1.4.0.tgz",
      "integrity": "sha512-lyuxPGr/Wfhrlem2CL/UcnUc1zcqKAImBDzukY7Y5F/yQiNdko6+fRLevlw1HgMySw7f611UIY408EtxRSoK3Q==",
      "peer": true,
      "dependencies": {
        "js-tokens": "^3.0.0 || ^4.0.0"
      },
      "bin": {
        "loose-envify": "cli.js"
      }
    },
    "node_modules/object-assign": {
      "version": "4.1.1",
      "resolved": "https://registry.npmjs.org/object-assign/-/object-assign-4.1.1.tgz",
      "integrity": "sha1-IQmtx5ZYh8/AXLvUQsrIv7s2CGM=",
      "peer": true,
      "engines": {
        "node": ">=0.10.0"
      }
    },
    "node_modules/react": {
      "version": "17.0.1",
      "resolved": "https://registry.npmjs.org/react/-/react-17.0.1.tgz",
      "integrity": "sha512-lG9c9UuMHdcAexXtigOZLX8exLWkW0Ku29qPRU8uhF2R9BN96dLCt0psvzPLlHc5OWkgymP3qwTRgbnw5BKx3w==",
      "peer": true,
      "dependencies": {
        "loose-envify": "^1.1.0",
        "object-assign": "^4.1.1"
      },
      "engines": {
        "node": ">=0.10.0"
      }
    },
    "node_modules/router": {
      "version": "1.0.4",
      "resolved": "git+ssh://git@github.com/axtk/router.git#614ac48c1625e4f220fd880f4f6ae6d6cf80c318",
      "license": "ISC",
      "dependencies": {
        "event-manager": "github:axtk/event-manager"
      }
    }
  },
  "dependencies": {
    "esbuild": {
      "version": "0.8.42",
      "resolved": "https://registry.npmjs.org/esbuild/-/esbuild-0.8.42.tgz",
      "integrity": "sha512-zUtj5RMqROCCCH0vV/a7cd8YQg8I0GWBhV3A3PklWRT+oM/YwVbnrtFnITzE1otGdnXplWHWdZ4OcYiV0PN+JQ==",
      "dev": true
    },
    "event-manager": {
      "version": "git+ssh://git@github.com/axtk/event-manager.git#be6ebbdc6b462d6123f81d10d7a81b82ffb08e19",
      "from": "event-manager@github:axtk/event-manager"
    },
    "js-tokens": {
      "version": "4.0.0",
      "resolved": "https://registry.npmjs.org/js-tokens/-/js-tokens-4.0.0.tgz",
      "integrity": "sha512-RdJUflcE3cUzKiMqQgsCu06FPu9UdIJO0beYbPhHN4k6apgJtifcoCtT9bcxOpYBtpD2kCM6Sbzg4CausW/PKQ==",
      "peer": true
    },
    "loose-envify": {
      "version": "1.4.0",
      "resolved": "https://registry.npmjs.org/loose-envify/-/loose-envify-1.4.0.tgz",
      "integrity": "sha512-lyuxPGr/Wfhrlem2CL/UcnUc1zcqKAImBDzukY7Y5F/yQiNdko6+fRLevlw1HgMySw7f611UIY408EtxRSoK3Q==",
      "peer": true,
      "requires": {
        "js-tokens": "^3.0.0 || ^4.0.0"
      }
    },
    "object-assign": {
      "version": "4.1.1",
      "resolved": "https://registry.npmjs.org/object-assign/-/object-assign-4.1.1.tgz",
      "integrity": "sha1-IQmtx5ZYh8/AXLvUQsrIv7s2CGM=",
      "peer": true
    },
    "react": {
      "version": "17.0.1",
      "resolved": "https://registry.npmjs.org/react/-/react-17.0.1.tgz",
      "integrity": "sha512-lG9c9UuMHdcAexXtigOZLX8exLWkW0Ku29qPRU8uhF2R9BN96dLCt0psvzPLlHc5OWkgymP3qwTRgbnw5BKx3w==",
      "peer": true,
      "requires": {
        "loose-envify": "^1.1.0",
        "object-assign": "^4.1.1"
      }
    },
    "router": {
      "version": "git+ssh://git@github.com/axtk/router.git#614ac48c1625e4f220fd880f4f6ae6d6cf80c318",
      "from": "router@github:axtk/router",
      "requires": {
        "event-manager": "github:axtk/event-manager"
      }
    }
  }
}
