{
  "name": "react-router",
  "version": "1.0.0",
  "lockfileVersion": 2,
  "requires": true,
  "packages": {
    "": {
      "version": "1.0.0",
      "license": "ISC",
      "dependencies": {
        "router": "github:axtk/router"
      },
      "devDependencies": {
        "esbuild": "^0.8.42"
      }
    },
    "node_modules/esbuild": {
      "version": "0.8.42",
      "resolved": "https://registry.npmjs.org/esbuild/-/esbuild-0.8.42.tgz",
      "integrity": "sha512-zUtj5RMqROCCCH0vV/a7cd8YQg8I0GWBhV3A3PklWRT+oM/YwVbnrtFnITzE1otGdnXplWHWdZ4OcYiV0PN+JQ==",
      "dev": true,
      "hasInstallScript": true,
      "bin": {
        "esbuild": "bin/esbuild"
      }
    },
    "node_modules/event-manager": {
      "version": "1.0.4",
      "resolved": "git+ssh://git@github.com/axtk/event-manager.git#be6ebbdc6b462d6123f81d10d7a81b82ffb08e19",
      "license": "ISC"
    },
    "node_modules/router": {
      "version": "1.0.4",
      "resolved": "git+ssh://git@github.com/axtk/router.git#487e5f3a2c9734526dd75a9842a29f252617a249",
      "license": "ISC",
      "dependencies": {
        "event-manager": "github:axtk/event-manager"
      }
    }
  },
  "dependencies": {
    "esbuild": {
      "version": "0.8.42",
      "resolved": "https://registry.npmjs.org/esbuild/-/esbuild-0.8.42.tgz",
      "integrity": "sha512-zUtj5RMqROCCCH0vV/a7cd8YQg8I0GWBhV3A3PklWRT+oM/YwVbnrtFnITzE1otGdnXplWHWdZ4OcYiV0PN+JQ==",
      "dev": true
    },
    "event-manager": {
      "version": "git+ssh://git@github.com/axtk/event-manager.git#be6ebbdc6b462d6123f81d10d7a81b82ffb08e19",
      "from": "event-manager@github:axtk/event-manager"
    },
    "router": {
      "version": "git+ssh://git@github.com/axtk/router.git#487e5f3a2c9734526dd75a9842a29f252617a249",
      "from": "router@github:axtk/router",
      "requires": {
        "event-manager": "github:axtk/event-manager"
      }
    }
  }
}
